
Microsoft Visual Studio Solution File, Format Version 12.00
# Visual Studio Version 16
VisualStudioVersion = 16.0.31515.178
MinimumVisualStudioVersion = 10.0.40219.1
Project("{FAE04EC0-301F-11D3-BF4B-00C04F79EFBC}") = "AngularWithSecurity", "AngularWithSecurity\AngularWithSecurity.csproj", "{72C57B7B-AFF7-4BEB-92B3-D4DDB86AC177}"
EndProject
Global
	GlobalSection(SolutionConfigurationPlatforms) = preSolution
		Debug|Any CPU = Debug|Any CPU
		Release|Any CPU = Release|Any CPU
	EndGlobalSection
	GlobalSection(ProjectConfigurationPlatforms) = postSolution
		{72C57B7B-AFF7-4BEB-92B3-D4DDB86AC177}.Debug|Any CPU.ActiveCfg = Debug|Any CPU
		{72C57B7B-AFF7-4BEB-92B3-D4DDB86AC177}.Debug|Any CPU.Build.0 = Debug|Any CPU
		{72C57B7B-AFF7-4BEB-92B3-D4DDB86AC177}.Release|Any CPU.ActiveCfg = Release|Any CPU
		{72C57B7B-AFF7-4BEB-92B3-D4DDB86AC177}.Release|Any CPU.Build.0 = Release|Any CPU
	EndGlobalSection
	GlobalSection(SolutionProperties) = preSolution
		HideSolutionNode = FALSE
	EndGlobalSection
	GlobalSection(ExtensibilityGlobals) = postSolution
		SolutionGuid = {57A2E8BF-BFCF-4A1F-BF3B-213C23206525}
	EndGlobalSection
EndGlobal
